
Microsoft Visual Studio Solution File, Format Version 12.00
# Visual Studio 15
VisualStudioVersion = 15.0.27428.2043
MinimumVisualStudioVersion = 10.0.40219.1
Project("{9A19103F-16F7-4668-BE54-9A1E7A4F7556}") = "P03_SalesDatabase", "P03_SalesDatabase\P03_SalesDatabase.csproj", "{1B728F10-C0D8-4C29-925A-FD137C992CA2}"
EndProject
Global
	GlobalSection(SolutionConfigurationPlatforms) = preSolution
		Debug|Any CPU = Debug|Any CPU
		Release|Any CPU = Release|Any CPU
	EndGlobalSection
	GlobalSection(ProjectConfigurationPlatforms) = postSolution
		{1B728F10-C0D8-4C29-925A-FD137C992CA2}.Debug|Any CPU.ActiveCfg = Debug|Any CPU
		{1B728F10-C0D8-4C29-925A-FD137C992CA2}.Debug|Any CPU.Build.0 = Debug|Any CPU
		{1B728F10-C0D8-4C29-925A-FD137C992CA2}.Release|Any CPU.ActiveCfg = Release|Any CPU
		{1B728F10-C0D8-4C29-925A-FD137C992CA2}.Release|Any CPU.Build.0 = Release|Any CPU
	EndGlobalSection
	GlobalSection(SolutionProperties) = preSolution
		HideSolutionNode = FALSE
	EndGlobalSection
	GlobalSection(ExtensibilityGlobals) = postSolution
		SolutionGuid = {F77EAA80-370D-49CC-8F02-DB81A2513A8C}
	EndGlobalSection
EndGlobal
