
Microsoft Visual Studio Solution File, Format Version 12.00
# Visual Studio 15
VisualStudioVersion = 15.0.27428.2043
MinimumVisualStudioVersion = 10.0.40219.1
Project("{9A19103F-16F7-4668-BE54-9A1E7A4F7556}") = "P03_FootballBetting", "P03_FootballBetting\P03_FootballBetting.csproj", "{28D25E95-AB5B-4F4D-9EDA-C5801C7B4A62}"
EndProject
Project("{FAE04EC0-301F-11D3-BF4B-00C04F79EFBC}") = "P03_FootballBetting.Data.Models", "P03_FootballBetting.Data.Models\P03_FootballBetting.Data.Models.csproj", "{BB1649DE-5081-4C5E-BB4F-B7EE9E74809B}"
EndProject
Project("{FAE04EC0-301F-11D3-BF4B-00C04F79EFBC}") = "P03_FootballBetting.Data", "P03_FootballBetting.Data\P03_FootballBetting.Data.csproj", "{279930C6-4D7B-4C84-8BC3-3F5DD82E8A96}"
EndProject
Global
	GlobalSection(SolutionConfigurationPlatforms) = preSolution
		Debug|Any CPU = Debug|Any CPU
		Release|Any CPU = Release|Any CPU
	EndGlobalSection
	GlobalSection(ProjectConfigurationPlatforms) = postSolution
		{28D25E95-AB5B-4F4D-9EDA-C5801C7B4A62}.Debug|Any CPU.ActiveCfg = Debug|Any CPU
		{28D25E95-AB5B-4F4D-9EDA-C5801C7B4A62}.Debug|Any CPU.Build.0 = Debug|Any CPU
		{28D25E95-AB5B-4F4D-9EDA-C5801C7B4A62}.Release|Any CPU.ActiveCfg = Release|Any CPU
		{28D25E95-AB5B-4F4D-9EDA-C5801C7B4A62}.Release|Any CPU.Build.0 = Release|Any CPU
		{BB1649DE-5081-4C5E-BB4F-B7EE9E74809B}.Debug|Any CPU.ActiveCfg = Debug|Any CPU
		{BB1649DE-5081-4C5E-BB4F-B7EE9E74809B}.Debug|Any CPU.Build.0 = Debug|Any CPU
		{BB1649DE-5081-4C5E-BB4F-B7EE9E74809B}.Release|Any CPU.ActiveCfg = Release|Any CPU
		{BB1649DE-5081-4C5E-BB4F-B7EE9E74809B}.Release|Any CPU.Build.0 = Release|Any CPU
		{279930C6-4D7B-4C84-8BC3-3F5DD82E8A96}.Debug|Any CPU.ActiveCfg = Debug|Any CPU
		{279930C6-4D7B-4C84-8BC3-3F5DD82E8A96}.Debug|Any CPU.Build.0 = Debug|Any CPU
		{279930C6-4D7B-4C84-8BC3-3F5DD82E8A96}.Release|Any CPU.ActiveCfg = Release|Any CPU
		{279930C6-4D7B-4C84-8BC3-3F5DD82E8A96}.Release|Any CPU.Build.0 = Release|Any CPU
	EndGlobalSection
	GlobalSection(SolutionProperties) = preSolution
		HideSolutionNode = FALSE
	EndGlobalSection
	GlobalSection(ExtensibilityGlobals) = postSolution
		SolutionGuid = {DED0B7F2-1057-46C7-901F-09DF2729462C}
	EndGlobalSection
EndGlobal
